
Microsoft Visual Studio Solution File, Format Version 12.00
# Visual Studio Version 16
VisualStudioVersion = 16.0.33027.164
MinimumVisualStudioVersion = 10.0.40219.1
Project("{9A19103F-16F7-4668-BE54-9A1E7A4F7556}") = "DotNetAPITutorial", "DotNetAPITutorial.csproj", "{D74A102C-3F34-4F59-A535-69FA898098D7}"
EndProject
Global
	GlobalSection(SolutionConfigurationPlatforms) = preSolution
		Debug|Any CPU = Debug|Any CPU
		Release|Any CPU = Release|Any CPU
	EndGlobalSection
	GlobalSection(ProjectConfigurationPlatforms) = postSolution
		{D74A102C-3F34-4F59-A535-69FA898098D7}.Debug|Any CPU.ActiveCfg = Debug|Any CPU
		{D74A102C-3F34-4F59-A535-69FA898098D7}.Debug|Any CPU.Build.0 = Debug|Any CPU
		{D74A102C-3F34-4F59-A535-69FA898098D7}.Release|Any CPU.ActiveCfg = Release|Any CPU
		{D74A102C-3F34-4F59-A535-69FA898098D7}.Release|Any CPU.Build.0 = Release|Any CPU
	EndGlobalSection
	GlobalSection(SolutionProperties) = preSolution
		HideSolutionNode = FALSE
	EndGlobalSection
	GlobalSection(ExtensibilityGlobals) = postSolution
		SolutionGuid = {83BA5FAA-6940-417C-8151-9CECA20A9488}
	EndGlobalSection
EndGlobal
